// !$*UTF8*$!
{
	archiveVersion = 1;
	classes = {
	};
	objectVersion = 50;
	objects = {

/* Begin PBXBuildFile section */
		9108568123FDDFCB00CE16DA /* GFUserInfoHeaderVC.swift in Sources */ = {isa = PBXBuildFile; fileRef = 9108568023FDDFCB00CE16DA /* GFUserInfoHeaderVC.swift */; };
		9108568323FDE10A00CE16DA /* GFSecondaryTitleLabel.swift in Sources */ = {isa = PBXBuildFile; fileRef = 9108568223FDE10A00CE16DA /* GFSecondaryTitleLabel.swift */; };
		9108568523FDE9FF00CE16DA /* Constants.swift in Sources */ = {isa = PBXBuildFile; fileRef = 9108568423FDE9FF00CE16DA /* Constants.swift */; };
		9125CB3323F4423800A9BBC7 /* Follower.swift in Sources */ = {isa = PBXBuildFile; fileRef = 9125CB3223F4423800A9BBC7 /* Follower.swift */; };
		9125CB3523F443CF00A9BBC7 /* User.swift in Sources */ = {isa = PBXBuildFile; fileRef = 9125CB3423F443CF00A9BBC7 /* User.swift */; };
		9125CB3823F46EE200A9BBC7 /* NetworkManager.swift in Sources */ = {isa = PBXBuildFile; fileRef = 9125CB3723F46EE200A9BBC7 /* NetworkManager.swift */; };
		9127348423FC5F45003AA8DB /* UserInfoVC.swift in Sources */ = {isa = PBXBuildFile; fileRef = 9127348323FC5F45003AA8DB /* UserInfoVC.swift */; };
		9127348623FC794A003AA8DB /* GFError.swift in Sources */ = {isa = PBXBuildFile; fileRef = 9127348523FC794A003AA8DB /* GFError.swift */; };
		913EBBC82404196B002D712D /* FavoriteCell.swift in Sources */ = {isa = PBXBuildFile; fileRef = 913EBBC72404196B002D712D /* FavoriteCell.swift */; };
		9165051F2402F1AC00B78641 /* PersistenceManager.swift in Sources */ = {isa = PBXBuildFile; fileRef = 9165051E2402F1AC00B78641 /* PersistenceManager.swift */; };
		918ABBF123FAE33900DF46DE /* UIHelper.swift in Sources */ = {isa = PBXBuildFile; fileRef = 918ABBF023FAE33900DF46DE /* UIHelper.swift */; };
		918ABBF923FB10AA00DF46DE /* GFEmptyStateView.swift in Sources */ = {isa = PBXBuildFile; fileRef = 918ABBF823FB10AA00DF46DE /* GFEmptyStateView.swift */; };
		918C76DB23CCE6F20066E057 /* GFButton.swift in Sources */ = {isa = PBXBuildFile; fileRef = 918C76DA23CCE6F20066E057 /* GFButton.swift */; };
		918C76DD23CCEACD0066E057 /* GFTextField.swift in Sources */ = {isa = PBXBuildFile; fileRef = 918C76DC23CCEACD0066E057 /* GFTextField.swift */; };
		918C76DF23CD1B130066E057 /* FollowerListVC.swift in Sources */ = {isa = PBXBuildFile; fileRef = 918C76DE23CD1B130066E057 /* FollowerListVC.swift */; };
		918C76E123CD1FAD0066E057 /* StringValidationExtensions.swift in Sources */ = {isa = PBXBuildFile; fileRef = 918C76E023CD1FAD0066E057 /* StringValidationExtensions.swift */; };
		919B2DF124008B9F0097972E /* Date+Ext.swift in Sources */ = {isa = PBXBuildFile; fileRef = 919B2DF024008B9F0097972E /* Date+Ext.swift */; };
		919B2DF324008BD20097972E /* String+Ext.swift in Sources */ = {isa = PBXBuildFile; fileRef = 919B2DF224008BD20097972E /* String+Ext.swift */; };
		91ABCA3323C906F100B07584 /* AppDelegate.swift in Sources */ = {isa = PBXBuildFile; fileRef = 91ABCA3223C906F100B07584 /* AppDelegate.swift */; };
		91ABCA3523C906F100B07584 /* SceneDelegate.swift in Sources */ = {isa = PBXBuildFile; fileRef = 91ABCA3423C906F100B07584 /* SceneDelegate.swift */; };
		91ABCA3C23C906F300B07584 /* Assets.xcassets in Resources */ = {isa = PBXBuildFile; fileRef = 91ABCA3B23C906F300B07584 /* Assets.xcassets */; };
		91ABCA3F23C906F300B07584 /* LaunchScreen.storyboard in Resources */ = {isa = PBXBuildFile; fileRef = 91ABCA3D23C906F300B07584 /* LaunchScreen.storyboard */; };
		91ABCA4723C924EA00B07584 /* SearchVC.swift in Sources */ = {isa = PBXBuildFile; fileRef = 91ABCA4623C924EA00B07584 /* SearchVC.swift */; };
		91ABCA4923C9252400B07584 /* FavoritesListVC.swift in Sources */ = {isa = PBXBuildFile; fileRef = 91ABCA4823C9252400B07584 /* FavoritesListVC.swift */; };
		91ABCA4B23C92E6F00B07584 /* .gitignore in Resources */ = {isa = PBXBuildFile; fileRef = 91ABCA4A23C92E6F00B07584 /* .gitignore */; };
		91D2D8D823F59E3400B12655 /* FollowerCell.swift in Sources */ = {isa = PBXBuildFile; fileRef = 91D2D8D723F59E3400B12655 /* FollowerCell.swift */; };
		91D2D8DA23F59EB700B12655 /* GFAvatarImageView.swift in Sources */ = {isa = PBXBuildFile; fileRef = 91D2D8D923F59EB700B12655 /* GFAvatarImageView.swift */; };
		91D4328F23F3086200FD6455 /* GFTitleLabel.swift in Sources */ = {isa = PBXBuildFile; fileRef = 91D4328E23F3086200FD6455 /* GFTitleLabel.swift */; };
		91D4329123F30A1100FD6455 /* GFBodyLabel.swift in Sources */ = {isa = PBXBuildFile; fileRef = 91D4329023F30A1100FD6455 /* GFBodyLabel.swift */; };
		91D4329323F30ADD00FD6455 /* GFAlertVC.swift in Sources */ = {isa = PBXBuildFile; fileRef = 91D4329223F30ADD00FD6455 /* GFAlertVC.swift */; };
		91D4329523F31F5700FD6455 /* UIViewController+Ext.swift in Sources */ = {isa = PBXBuildFile; fileRef = 91D4329423F31F5700FD6455 /* UIViewController+Ext.swift */; };
		91F1443B240079E90078195B /* GFItemInfoVC.swift in Sources */ = {isa = PBXBuildFile; fileRef = 91F1443A240079E90078195B /* GFItemInfoVC.swift */; };
		91F1443D24007D2B0078195B /* GFRepoItemVC.swift in Sources */ = {isa = PBXBuildFile; fileRef = 91F1443C24007D2B0078195B /* GFRepoItemVC.swift */; };
		91F1443F24007EF20078195B /* GFFollowerItemVC.swift in Sources */ = {isa = PBXBuildFile; fileRef = 91F1443E24007EF20078195B /* GFFollowerItemVC.swift */; };
		91F3FA0C23FF3734000B87A4 /* GFItemInfoView.swift in Sources */ = {isa = PBXBuildFile; fileRef = 91F3FA0B23FF3734000B87A4 /* GFItemInfoView.swift */; };
/* End PBXBuildFile section */

/* Begin PBXFileReference section */
		9108568023FDDFCB00CE16DA /* GFUserInfoHeaderVC.swift */ = {isa = PBXFileReference; lastKnownFileType = sourcecode.swift; path = GFUserInfoHeaderVC.swift; sourceTree = "<group>"; };
		9108568223FDE10A00CE16DA /* GFSecondaryTitleLabel.swift */ = {isa = PBXFileReference; lastKnownFileType = sourcecode.swift; path = GFSecondaryTitleLabel.swift; sourceTree = "<group>"; };
		9108568423FDE9FF00CE16DA /* Constants.swift */ = {isa = PBXFileReference; lastKnownFileType = sourcecode.swift; path = Constants.swift; sourceTree = "<group>"; };
		9125CB3223F4423800A9BBC7 /* Follower.swift */ = {isa = PBXFileReference; lastKnownFileType = sourcecode.swift; path = Follower.swift; sourceTree = "<group>"; };
		9125CB3423F443CF00A9BBC7 /* User.swift */ = {isa = PBXFileReference; lastKnownFileType = sourcecode.swift; path = User.swift; sourceTree = "<group>"; };
		9125CB3723F46EE200A9BBC7 /* NetworkManager.swift */ = {isa = PBXFileReference; lastKnownFileType = sourcecode.swift; path = NetworkManager.swift; sourceTree = "<group>"; };
		9127348323FC5F45003AA8DB /* UserInfoVC.swift */ = {isa = PBXFileReference; lastKnownFileType = sourcecode.swift; path = UserInfoVC.swift; sourceTree = "<group>"; };
		9127348523FC794A003AA8DB /* GFError.swift */ = {isa = PBXFileReference; lastKnownFileType = sourcecode.swift; path = GFError.swift; sourceTree = "<group>"; };
		913EBBC72404196B002D712D /* FavoriteCell.swift */ = {isa = PBXFileReference; lastKnownFileType = sourcecode.swift; path = FavoriteCell.swift; sourceTree = "<group>"; };
		9165051E2402F1AC00B78641 /* PersistenceManager.swift */ = {isa = PBXFileReference; lastKnownFileType = sourcecode.swift; path = PersistenceManager.swift; sourceTree = "<group>"; };
		918ABBF023FAE33900DF46DE /* UIHelper.swift */ = {isa = PBXFileReference; lastKnownFileType = sourcecode.swift; path = UIHelper.swift; sourceTree = "<group>"; };
		918ABBF823FB10AA00DF46DE /* GFEmptyStateView.swift */ = {isa = PBXFileReference; lastKnownFileType = sourcecode.swift; path = GFEmptyStateView.swift; sourceTree = "<group>"; };
		918C76DA23CCE6F20066E057 /* GFButton.swift */ = {isa = PBXFileReference; lastKnownFileType = sourcecode.swift; path = GFButton.swift; sourceTree = "<group>"; };
		918C76DC23CCEACD0066E057 /* GFTextField.swift */ = {isa = PBXFileReference; lastKnownFileType = sourcecode.swift; path = GFTextField.swift; sourceTree = "<group>"; };
		918C76DE23CD1B130066E057 /* FollowerListVC.swift */ = {isa = PBXFileReference; lastKnownFileType = sourcecode.swift; path = FollowerListVC.swift; sourceTree = "<group>"; };
		918C76E023CD1FAD0066E057 /* StringValidationExtensions.swift */ = {isa = PBXFileReference; lastKnownFileType = sourcecode.swift; path = StringValidationExtensions.swift; sourceTree = "<group>"; };
		919B2DF024008B9F0097972E /* Date+Ext.swift */ = {isa = PBXFileReference; lastKnownFileType = sourcecode.swift; path = "Date+Ext.swift"; sourceTree = "<group>"; };
		919B2DF224008BD20097972E /* String+Ext.swift */ = {isa = PBXFileReference; lastKnownFileType = sourcecode.swift; path = "String+Ext.swift"; sourceTree = "<group>"; };
		91ABCA2F23C906F100B07584 /* GHFollowers.app */ = {isa = PBXFileReference; explicitFileType = wrapper.application; includeInIndex = 0; path = GHFollowers.app; sourceTree = BUILT_PRODUCTS_DIR; };
		91ABCA3223C906F100B07584 /* AppDelegate.swift */ = {isa = PBXFileReference; lastKnownFileType = sourcecode.swift; path = AppDelegate.swift; sourceTree = "<group>"; };
		91ABCA3423C906F100B07584 /* SceneDelegate.swift */ = {isa = PBXFileReference; lastKnownFileType = sourcecode.swift; path = SceneDelegate.swift; sourceTree = "<group>"; };
		91ABCA3B23C906F300B07584 /* Assets.xcassets */ = {isa = PBXFileReference; lastKnownFileType = folder.assetcatalog; path = Assets.xcassets; sourceTree = "<group>"; };
		91ABCA3E23C906F300B07584 /* Base */ = {isa = PBXFileReference; lastKnownFileType = file.storyboard; name = Base; path = Base.lproj/LaunchScreen.storyboard; sourceTree = "<group>"; };
		91ABCA4023C906F300B07584 /* Info.plist */ = {isa = PBXFileReference; lastKnownFileType = text.plist.xml; path = Info.plist; sourceTree = "<group>"; };
		91ABCA4623C924EA00B07584 /* SearchVC.swift */ = {isa = PBXFileReference; lastKnownFileType = sourcecode.swift; path = SearchVC.swift; sourceTree = "<group>"; };
		91ABCA4823C9252400B07584 /* FavoritesListVC.swift */ = {isa = PBXFileReference; lastKnownFileType = sourcecode.swift; path = FavoritesListVC.swift; sourceTree = "<group>"; };
		91ABCA4A23C92E6F00B07584 /* .gitignore */ = {isa = PBXFileReference; lastKnownFileType = text; path = .gitignore; sourceTree = "<group>"; };
		91D2D8D723F59E3400B12655 /* FollowerCell.swift */ = {isa = PBXFileReference; lastKnownFileType = sourcecode.swift; path = FollowerCell.swift; sourceTree = "<group>"; };
		91D2D8D923F59EB700B12655 /* GFAvatarImageView.swift */ = {isa = PBXFileReference; lastKnownFileType = sourcecode.swift; path = GFAvatarImageView.swift; sourceTree = "<group>"; };
		91D4328E23F3086200FD6455 /* GFTitleLabel.swift */ = {isa = PBXFileReference; lastKnownFileType = sourcecode.swift; path = GFTitleLabel.swift; sourceTree = "<group>"; };
		91D4329023F30A1100FD6455 /* GFBodyLabel.swift */ = {isa = PBXFileReference; lastKnownFileType = sourcecode.swift; path = GFBodyLabel.swift; sourceTree = "<group>"; };
		91D4329223F30ADD00FD6455 /* GFAlertVC.swift */ = {isa = PBXFileReference; lastKnownFileType = sourcecode.swift; path = GFAlertVC.swift; sourceTree = "<group>"; };
		91D4329423F31F5700FD6455 /* UIViewController+Ext.swift */ = {isa = PBXFileReference; lastKnownFileType = sourcecode.swift; path = "UIViewController+Ext.swift"; sourceTree = "<group>"; };
		91F1443A240079E90078195B /* GFItemInfoVC.swift */ = {isa = PBXFileReference; lastKnownFileType = sourcecode.swift; path = GFItemInfoVC.swift; sourceTree = "<group>"; };
		91F1443C24007D2B0078195B /* GFRepoItemVC.swift */ = {isa = PBXFileReference; lastKnownFileType = sourcecode.swift; path = GFRepoItemVC.swift; sourceTree = "<group>"; };
		91F1443E24007EF20078195B /* GFFollowerItemVC.swift */ = {isa = PBXFileReference; lastKnownFileType = sourcecode.swift; path = GFFollowerItemVC.swift; sourceTree = "<group>"; };
		91F3FA0B23FF3734000B87A4 /* GFItemInfoView.swift */ = {isa = PBXFileReference; lastKnownFileType = sourcecode.swift; path = GFItemInfoView.swift; sourceTree = "<group>"; };
/* End PBXFileReference section */

/* Begin PBXFrameworksBuildPhase section */
		91ABCA2C23C906F100B07584 /* Frameworks */ = {
			isa = PBXFrameworksBuildPhase;
			buildActionMask = 2147483647;
			files = (
			);
			runOnlyForDeploymentPostprocessing = 0;
		};
/* End PBXFrameworksBuildPhase section */

/* Begin PBXGroup section */
		9125CB3123F4422200A9BBC7 /* Model */ = {
			isa = PBXGroup;
			children = (
				9125CB3223F4423800A9BBC7 /* Follower.swift */,
				9125CB3423F443CF00A9BBC7 /* User.swift */,
			);
			path = Model;
			sourceTree = "<group>";
		};
		9125CB3623F463AA00A9BBC7 /* Manager */ = {
			isa = PBXGroup;
			children = (
				9125CB3723F46EE200A9BBC7 /* NetworkManager.swift */,
				9165051E2402F1AC00B78641 /* PersistenceManager.swift */,
			);
			path = Manager;
			sourceTree = "<group>";
		};
		9125CB3923F4952800A9BBC7 /* Utilities */ = {
			isa = PBXGroup;
			children = (
				918ABBF023FAE33900DF46DE /* UIHelper.swift */,
				9127348523FC794A003AA8DB /* GFError.swift */,
				9108568423FDE9FF00CE16DA /* Constants.swift */,
			);
			path = Utilities;
			sourceTree = "<group>";
		};
		918ABBF223FB102B00DF46DE /* Views */ = {
			isa = PBXGroup;
			children = (
				918ABBF823FB10AA00DF46DE /* GFEmptyStateView.swift */,
				91F3FA0B23FF3734000B87A4 /* GFItemInfoView.swift */,
			);
			path = Views;
			sourceTree = "<group>";
		};
		918ABBF323FB103700DF46DE /* Buttons */ = {
			isa = PBXGroup;
			children = (
				918C76DA23CCE6F20066E057 /* GFButton.swift */,
			);
			path = Buttons;
			sourceTree = "<group>";
		};
		918ABBF423FB104200DF46DE /* Textfields */ = {
			isa = PBXGroup;
			children = (
				918C76DC23CCEACD0066E057 /* GFTextField.swift */,
			);
			path = Textfields;
			sourceTree = "<group>";
		};
		918ABBF523FB104A00DF46DE /* ImageViews */ = {
			isa = PBXGroup;
			children = (
				91D2D8D923F59EB700B12655 /* GFAvatarImageView.swift */,
			);
			path = ImageViews;
			sourceTree = "<group>";
		};
		918ABBF623FB105300DF46DE /* ViewControllers */ = {
			isa = PBXGroup;
			children = (
				91F1444024007F3B0078195B /* ItemInfoVCs */,
				91D4329223F30ADD00FD6455 /* GFAlertVC.swift */,
				9108568023FDDFCB00CE16DA /* GFUserInfoHeaderVC.swift */,
			);
			path = ViewControllers;
			sourceTree = "<group>";
		};
		918ABBF723FB106A00DF46DE /* Labels */ = {
			isa = PBXGroup;
			children = (
				91D4328E23F3086200FD6455 /* GFTitleLabel.swift */,
				91D4329023F30A1100FD6455 /* GFBodyLabel.swift */,
				9108568223FDE10A00CE16DA /* GFSecondaryTitleLabel.swift */,
			);
			path = Labels;
			sourceTree = "<group>";
		};
		91ABCA2623C906F100B07584 = {
			isa = PBXGroup;
			children = (
				91ABCA4A23C92E6F00B07584 /* .gitignore */,
				91ABCA3123C906F100B07584 /* GHFollowers */,
				91ABCA3023C906F100B07584 /* Products */,
			);
			sourceTree = "<group>";
		};
		91ABCA3023C906F100B07584 /* Products */ = {
			isa = PBXGroup;
			children = (
				91ABCA2F23C906F100B07584 /* GHFollowers.app */,
			);
			name = Products;
			sourceTree = "<group>";
		};
		91ABCA3123C906F100B07584 /* GHFollowers */ = {
			isa = PBXGroup;
			children = (
				9125CB3923F4952800A9BBC7 /* Utilities */,
				91D4329623F33A2B00FD6455 /* Extensions */,
				9125CB3623F463AA00A9BBC7 /* Manager */,
				9125CB3123F4422200A9BBC7 /* Model */,
				91D4329823F33A3E00FD6455 /* Screens */,
				91D4329723F33A3500FD6455 /* Custom Views */,
				91D4329923F33A4300FD6455 /* Support */,
				91ABCA4023C906F300B07584 /* Info.plist */,
			);
			path = GHFollowers;
			sourceTree = "<group>";
		};
		91D2D8D623F59E0E00B12655 /* Cells */ = {
			isa = PBXGroup;
			children = (
				91D2D8D723F59E3400B12655 /* FollowerCell.swift */,
				913EBBC72404196B002D712D /* FavoriteCell.swift */,
			);
			path = Cells;
			sourceTree = "<group>";
		};
		91D4329623F33A2B00FD6455 /* Extensions */ = {
			isa = PBXGroup;
			children = (
				91D4329423F31F5700FD6455 /* UIViewController+Ext.swift */,
				918C76E023CD1FAD0066E057 /* StringValidationExtensions.swift */,
				919B2DF024008B9F0097972E /* Date+Ext.swift */,
				919B2DF224008BD20097972E /* String+Ext.swift */,
			);
			path = Extensions;
			sourceTree = "<group>";
		};
		91D4329723F33A3500FD6455 /* Custom Views */ = {
			isa = PBXGroup;
			children = (
				918ABBF723FB106A00DF46DE /* Labels */,
				918ABBF623FB105300DF46DE /* ViewControllers */,
				918ABBF523FB104A00DF46DE /* ImageViews */,
				918ABBF423FB104200DF46DE /* Textfields */,
				918ABBF323FB103700DF46DE /* Buttons */,
				918ABBF223FB102B00DF46DE /* Views */,
				91D2D8D623F59E0E00B12655 /* Cells */,
			);
			path = "Custom Views";
			sourceTree = "<group>";
		};
		91D4329823F33A3E00FD6455 /* Screens */ = {
			isa = PBXGroup;
			children = (
				91ABCA4623C924EA00B07584 /* SearchVC.swift */,
				918C76DE23CD1B130066E057 /* FollowerListVC.swift */,
				91ABCA4823C9252400B07584 /* FavoritesListVC.swift */,
				9127348323FC5F45003AA8DB /* UserInfoVC.swift */,
			);
			path = Screens;
			sourceTree = "<group>";
		};
		91D4329923F33A4300FD6455 /* Support */ = {
			isa = PBXGroup;
			children = (
				91ABCA3223C906F100B07584 /* AppDelegate.swift */,
				91ABCA3423C906F100B07584 /* SceneDelegate.swift */,
				91ABCA3D23C906F300B07584 /* LaunchScreen.storyboard */,
				91ABCA3B23C906F300B07584 /* Assets.xcassets */,
			);
			path = Support;
			sourceTree = "<group>";
		};
		91F1444024007F3B0078195B /* ItemInfoVCs */ = {
			isa = PBXGroup;
			children = (
				91F1443A240079E90078195B /* GFItemInfoVC.swift */,
				91F1443C24007D2B0078195B /* GFRepoItemVC.swift */,
				91F1443E24007EF20078195B /* GFFollowerItemVC.swift */,
			);
			path = ItemInfoVCs;
			sourceTree = "<group>";
		};
/* End PBXGroup section */

/* Begin PBXNativeTarget section */
		91ABCA2E23C906F100B07584 /* GHFollowers */ = {
			isa = PBXNativeTarget;
			buildConfigurationList = 91ABCA4323C906F300B07584 /* Build configuration list for PBXNativeTarget "GHFollowers" */;
			buildPhases = (
				91ABCA2B23C906F100B07584 /* Sources */,
				91ABCA2C23C906F100B07584 /* Frameworks */,
				91ABCA2D23C906F100B07584 /* Resources */,
			);
			buildRules = (
			);
			dependencies = (
			);
			name = GHFollowers;
			productName = GHFollowers;
			productReference = 91ABCA2F23C906F100B07584 /* GHFollowers.app */;
			productType = "com.apple.product-type.application";
		};
/* End PBXNativeTarget section */

/* Begin PBXProject section */
		91ABCA2723C906F100B07584 /* Project object */ = {
			isa = PBXProject;
			attributes = {
				LastSwiftUpdateCheck = 1130;
				LastUpgradeCheck = 1130;
				ORGANIZATIONNAME = "Theodore Hecht";
				TargetAttributes = {
					91ABCA2E23C906F100B07584 = {
						CreatedOnToolsVersion = 11.3;
					};
				};
			};
			buildConfigurationList = 91ABCA2A23C906F100B07584 /* Build configuration list for PBXProject "GHFollowers" */;
			compatibilityVersion = "Xcode 9.3";
			developmentRegion = en;
			hasScannedForEncodings = 0;
			knownRegions = (
				en,
				Base,
			);
			mainGroup = 91ABCA2623C906F100B07584;
			productRefGroup = 91ABCA3023C906F100B07584 /* Products */;
			projectDirPath = "";
			projectRoot = "";
			targets = (
				91ABCA2E23C906F100B07584 /* GHFollowers */,
			);
		};
/* End PBXProject section */

/* Begin PBXResourcesBuildPhase section */
		91ABCA2D23C906F100B07584 /* Resources */ = {
			isa = PBXResourcesBuildPhase;
			buildActionMask = 2147483647;
			files = (
				91ABCA3F23C906F300B07584 /* LaunchScreen.storyboard in Resources */,
				91ABCA4B23C92E6F00B07584 /* .gitignore in Resources */,
				91ABCA3C23C906F300B07584 /* Assets.xcassets in Resources */,
			);
			runOnlyForDeploymentPostprocessing = 0;
		};
/* End PBXResourcesBuildPhase section */

/* Begin PBXSourcesBuildPhase section */
		91ABCA2B23C906F100B07584 /* Sources */ = {
			isa = PBXSourcesBuildPhase;
			buildActionMask = 2147483647;
			files = (
				918C76DD23CCEACD0066E057 /* GFTextField.swift in Sources */,
				9127348623FC794A003AA8DB /* GFError.swift in Sources */,
				91ABCA4923C9252400B07584 /* FavoritesListVC.swift in Sources */,
				9108568123FDDFCB00CE16DA /* GFUserInfoHeaderVC.swift in Sources */,
				91D4329523F31F5700FD6455 /* UIViewController+Ext.swift in Sources */,
				918C76E123CD1FAD0066E057 /* StringValidationExtensions.swift in Sources */,
				918C76DB23CCE6F20066E057 /* GFButton.swift in Sources */,
				9108568323FDE10A00CE16DA /* GFSecondaryTitleLabel.swift in Sources */,
				918ABBF923FB10AA00DF46DE /* GFEmptyStateView.swift in Sources */,
				91ABCA4723C924EA00B07584 /* SearchVC.swift in Sources */,
				9125CB3523F443CF00A9BBC7 /* User.swift in Sources */,
				91D2D8D823F59E3400B12655 /* FollowerCell.swift in Sources */,
				9165051F2402F1AC00B78641 /* PersistenceManager.swift in Sources */,
				913EBBC82404196B002D712D /* FavoriteCell.swift in Sources */,
				91F1443D24007D2B0078195B /* GFRepoItemVC.swift in Sources */,
				91D2D8DA23F59EB700B12655 /* GFAvatarImageView.swift in Sources */,
				91D4329323F30ADD00FD6455 /* GFAlertVC.swift in Sources */,
				9127348423FC5F45003AA8DB /* UserInfoVC.swift in Sources */,
				9125CB3323F4423800A9BBC7 /* Follower.swift in Sources */,
				918C76DF23CD1B130066E057 /* FollowerListVC.swift in Sources */,
				919B2DF324008BD20097972E /* String+Ext.swift in Sources */,
				91D4328F23F3086200FD6455 /* GFTitleLabel.swift in Sources */,
				91F1443B240079E90078195B /* GFItemInfoVC.swift in Sources */,
				91F1443F24007EF20078195B /* GFFollowerItemVC.swift in Sources */,
				91ABCA3323C906F100B07584 /* AppDelegate.swift in Sources */,
				918ABBF123FAE33900DF46DE /* UIHelper.swift in Sources */,
				919B2DF124008B9F0097972E /* Date+Ext.swift in Sources */,
				9125CB3823F46EE200A9BBC7 /* NetworkManager.swift in Sources */,
				91ABCA3523C906F100B07584 /* SceneDelegate.swift in Sources */,
				91F3FA0C23FF3734000B87A4 /* GFItemInfoView.swift in Sources */,
				91D4329123F30A1100FD6455 /* GFBodyLabel.swift in Sources */,
				9108568523FDE9FF00CE16DA /* Constants.swift in Sources */,
			);
			runOnlyForDeploymentPostprocessing = 0;
		};
/* End PBXSourcesBuildPhase section */

/* Begin PBXVariantGroup section */
		91ABCA3D23C906F300B07584 /* LaunchScreen.storyboard */ = {
			isa = PBXVariantGroup;
			children = (
				91ABCA3E23C906F300B07584 /* Base */,
			);
			name = LaunchScreen.storyboard;
			sourceTree = "<group>";
		};
/* End PBXVariantGroup section */

/* Begin XCBuildConfiguration section */
		91ABCA4123C906F300B07584 /* Debug */ = {
			isa = XCBuildConfiguration;
			buildSettings = {
				ALWAYS_SEARCH_USER_PATHS = NO;
				CLANG_ANALYZER_NONNULL = YES;
				CLANG_ANALYZER_NUMBER_OBJECT_CONVERSION = YES_AGGRESSIVE;
				CLANG_CXX_LANGUAGE_STANDARD = "gnu++14";
				CLANG_CXX_LIBRARY = "libc++";
				CLANG_ENABLE_MODULES = YES;
				CLANG_ENABLE_OBJC_ARC = YES;
				CLANG_ENABLE_OBJC_WEAK = YES;
				CLANG_WARN_BLOCK_CAPTURE_AUTORELEASING = YES;
				CLANG_WARN_BOOL_CONVERSION = YES;
				CLANG_WARN_COMMA = YES;
				CLANG_WARN_CONSTANT_CONVERSION = YES;
				CLANG_WARN_DEPRECATED_OBJC_IMPLEMENTATIONS = YES;
				CLANG_WARN_DIRECT_OBJC_ISA_USAGE = YES_ERROR;
				CLANG_WARN_DOCUMENTATION_COMMENTS = YES;
				CLANG_WARN_EMPTY_BODY = YES;
				CLANG_WARN_ENUM_CONVERSION = YES;
				CLANG_WARN_INFINITE_RECURSION = YES;
				CLANG_WARN_INT_CONVERSION = YES;
				CLANG_WARN_NON_LITERAL_NULL_CONVERSION = YES;
				CLANG_WARN_OBJC_IMPLICIT_RETAIN_SELF = YES;
				CLANG_WARN_OBJC_LITERAL_CONVERSION = YES;
				CLANG_WARN_OBJC_ROOT_CLASS = YES_ERROR;
				CLANG_WARN_RANGE_LOOP_ANALYSIS = YES;
				CLANG_WARN_STRICT_PROTOTYPES = YES;
				CLANG_WARN_SUSPICIOUS_MOVE = YES;
				CLANG_WARN_UNGUARDED_AVAILABILITY = YES_AGGRESSIVE;
				CLANG_WARN_UNREACHABLE_CODE = YES;
				CLANG_WARN__DUPLICATE_METHOD_MATCH = YES;
				COPY_PHASE_STRIP = NO;
				DEBUG_INFORMATION_FORMAT = dwarf;
				ENABLE_STRICT_OBJC_MSGSEND = YES;
				ENABLE_TESTABILITY = YES;
				GCC_C_LANGUAGE_STANDARD = gnu11;
				GCC_DYNAMIC_NO_PIC = NO;
				GCC_NO_COMMON_BLOCKS = YES;
				GCC_OPTIMIZATION_LEVEL = 0;
				GCC_PREPROCESSOR_DEFINITIONS = (
					"DEBUG=1",
					"$(inherited)",
				);
				GCC_WARN_64_TO_32_BIT_CONVERSION = YES;
				GCC_WARN_ABOUT_RETURN_TYPE = YES_ERROR;
				GCC_WARN_UNDECLARED_SELECTOR = YES;
				GCC_WARN_UNINITIALIZED_AUTOS = YES_AGGRESSIVE;
				GCC_WARN_UNUSED_FUNCTION = YES;
				GCC_WARN_UNUSED_VARIABLE = YES;
				IPHONEOS_DEPLOYMENT_TARGET = 13.2;
				MTL_ENABLE_DEBUG_INFO = INCLUDE_SOURCE;
				MTL_FAST_MATH = YES;
				ONLY_ACTIVE_ARCH = YES;
				SDKROOT = iphoneos;
				SWIFT_ACTIVE_COMPILATION_CONDITIONS = DEBUG;
				SWIFT_OPTIMIZATION_LEVEL = "-Onone";
			};
			name = Debug;
		};
		91ABCA4223C906F300B07584 /* Release */ = {
			isa = XCBuildConfiguration;
			buildSettings = {
				ALWAYS_SEARCH_USER_PATHS = NO;
				CLANG_ANALYZER_NONNULL = YES;
				CLANG_ANALYZER_NUMBER_OBJECT_CONVERSION = YES_AGGRESSIVE;
				CLANG_CXX_LANGUAGE_STANDARD = "gnu++14";
				CLANG_CXX_LIBRARY = "libc++";
				CLANG_ENABLE_MODULES = YES;
				CLANG_ENABLE_OBJC_ARC = YES;
				CLANG_ENABLE_OBJC_WEAK = YES;
				CLANG_WARN_BLOCK_CAPTURE_AUTORELEASING = YES;
				CLANG_WARN_BOOL_CONVERSION = YES;
				CLANG_WARN_COMMA = YES;
				CLANG_WARN_CONSTANT_CONVERSION = YES;
				CLANG_WARN_DEPRECATED_OBJC_IMPLEMENTATIONS = YES;
				CLANG_WARN_DIRECT_OBJC_ISA_USAGE = YES_ERROR;
				CLANG_WARN_DOCUMENTATION_COMMENTS = YES;
				CLANG_WARN_EMPTY_BODY = YES;
				CLANG_WARN_ENUM_CONVERSION = YES;
				CLANG_WARN_INFINITE_RECURSION = YES;
				CLANG_WARN_INT_CONVERSION = YES;
				CLANG_WARN_NON_LITERAL_NULL_CONVERSION = YES;
				CLANG_WARN_OBJC_IMPLICIT_RETAIN_SELF = YES;
				CLANG_WARN_OBJC_LITERAL_CONVERSION = YES;
				CLANG_WARN_OBJC_ROOT_CLASS = YES_ERROR;
				CLANG_WARN_RANGE_LOOP_ANALYSIS = YES;
				CLANG_WARN_STRICT_PROTOTYPES = YES;
				CLANG_WARN_SUSPICIOUS_MOVE = YES;
				CLANG_WARN_UNGUARDED_AVAILABILITY = YES_AGGRESSIVE;
				CLANG_WARN_UNREACHABLE_CODE = YES;
				CLANG_WARN__DUPLICATE_METHOD_MATCH = YES;
				COPY_PHASE_STRIP = NO;
				DEBUG_INFORMATION_FORMAT = "dwarf-with-dsym";
				ENABLE_NS_ASSERTIONS = NO;
				ENABLE_STRICT_OBJC_MSGSEND = YES;
				GCC_C_LANGUAGE_STANDARD = gnu11;
				GCC_NO_COMMON_BLOCKS = YES;
				GCC_WARN_64_TO_32_BIT_CONVERSION = YES;
				GCC_WARN_ABOUT_RETURN_TYPE = YES_ERROR;
				GCC_WARN_UNDECLARED_SELECTOR = YES;
				GCC_WARN_UNINITIALIZED_AUTOS = YES_AGGRESSIVE;
				GCC_WARN_UNUSED_FUNCTION = YES;
				GCC_WARN_UNUSED_VARIABLE = YES;
				IPHONEOS_DEPLOYMENT_TARGET = 13.2;
				MTL_ENABLE_DEBUG_INFO = NO;
				MTL_FAST_MATH = YES;
				SDKROOT = iphoneos;
				SWIFT_COMPILATION_MODE = wholemodule;
				SWIFT_OPTIMIZATION_LEVEL = "-O";
				VALIDATE_PRODUCT = YES;
			};
			name = Release;
		};
		91ABCA4423C906F300B07584 /* Debug */ = {
			isa = XCBuildConfiguration;
			buildSettings = {
				ASSETCATALOG_COMPILER_APPICON_NAME = AppIcon;
				CODE_SIGN_STYLE = Automatic;
				INFOPLIST_FILE = GHFollowers/Info.plist;
				LD_RUNPATH_SEARCH_PATHS = (
					"$(inherited)",
					"@executable_path/Frameworks",
				);
				PRODUCT_BUNDLE_IDENTIFIER = com.thecht.GHFollowers;
				PRODUCT_NAME = "$(TARGET_NAME)";
				SWIFT_VERSION = 5.0;
				TARGETED_DEVICE_FAMILY = 1;
			};
			name = Debug;
		};
		91ABCA4523C906F300B07584 /* Release */ = {
			isa = XCBuildConfiguration;
			buildSettings = {
				ASSETCATALOG_COMPILER_APPICON_NAME = AppIcon;
				CODE_SIGN_STYLE = Automatic;
				INFOPLIST_FILE = GHFollowers/Info.plist;
				LD_RUNPATH_SEARCH_PATHS = (
					"$(inherited)",
					"@executable_path/Frameworks",
				);
				PRODUCT_BUNDLE_IDENTIFIER = com.thecht.GHFollowers;
				PRODUCT_NAME = "$(TARGET_NAME)";
				SWIFT_VERSION = 5.0;
				TARGETED_DEVICE_FAMILY = 1;
			};
			name = Release;
		};
/* End XCBuildConfiguration section */

/* Begin XCConfigurationList section */
		91ABCA2A23C906F100B07584 /* Build configuration list for PBXProject "GHFollowers" */ = {
			isa = XCConfigurationList;
			buildConfigurations = (
				91ABCA4123C906F300B07584 /* Debug */,
				91ABCA4223C906F300B07584 /* Release */,
			);
			defaultConfigurationIsVisible = 0;
			defaultConfigurationName = Release;
		};
		91ABCA4323C906F300B07584 /* Build configuration list for PBXNativeTarget "GHFollowers" */ = {
			isa = XCConfigurationList;
			buildConfigurations = (
				91ABCA4423C906F300B07584 /* Debug */,
				91ABCA4523C906F300B07584 /* Release */,
			);
			defaultConfigurationIsVisible = 0;
			defaultConfigurationName = Release;
		};
/* End XCConfigurationList section */
	};
	rootObject = 91ABCA2723C906F100B07584 /* Project object */;
}
